lockfileVersion: '9.0'

settings:
  autoInstallPeers: true
  excludeLinksFromLockfile: false

importers:

  .:
    devDependencies:
      commander:
        specifier: ^14.0.0
        version: 14.0.0
      open:
        specifier: ^10.1.2
        version: 10.1.2
      rolldown:
        specifier: 1.0.0-beta.20
        version: 1.0.0-beta.20
      simple-git:
        specifier: ^3.28.0
        version: 3.28.0

packages:

  '@emnapi/core@1.4.3':
    resolution: {integrity: sha512-4m62DuCE07lw01soJwPiBGC0nAww0Q+RY70VZ+n49yDIO13yyinhbWCeNnaob0lakDtWQzSdtNWzJeOJt2ma+g==}

  '@emnapi/runtime@1.4.3':
    resolution: {integrity: sha512-pBPWdu6MLKROBX05wSNKcNb++m5Er+KQ9QkB+WVM+pW2Kx9hoSrVTnu3BdkI5eBLZoKu/J6mW/B6i6bJB2ytXQ==}

  '@emnapi/wasi-threads@1.0.2':
    resolution: {integrity: sha512-5n3nTJblwRi8LlXkJ9eBzu+kZR8Yxcc7ubakyQTFzPMtIhFpUBRbsnc2Dv88IZDIbCDlBiWrknhB4Lsz7mg6BA==}

  '@kwsites/file-exists@1.1.1':
    resolution: {integrity: sha512-m9/5YGR18lIwxSFDwfE3oA7bWuq9kdau6ugN4H2rJeyhFQZcG9AgSHkQtSD15a8WvTgfz9aikZMrKPHvbpqFiw==}

  '@kwsites/promise-deferred@1.1.1':
    resolution: {integrity: sha512-GaHYm+c0O9MjZRu0ongGBRbinu8gVAMd2UZjji6jVmqKtZluZnptXGWhz1E8j8D2HJ3f/yMxKAUC0b+57wncIw==}

  '@napi-rs/wasm-runtime@0.2.11':
    resolution: {integrity: sha512-9DPkXtvHydrcOsopiYpUgPHpmj0HWZKMUnL2dZqpvC42lsratuBG06V5ipyno0fUek5VlFsNQ+AcFATSrJXgMA==}

  '@oxc-project/runtime@0.75.0':
    resolution: {integrity: sha512-gzRmVI/vorsPmbDXt7GD4Uh2lD3rCOku/1xWPB4Yx48k0EP4TZmzQudWapjN4+7Vv+rgXr0RqCHQadeaMvdBuw==}
    engines: {node: '>=6.9.0'}

  '@oxc-project/types@0.75.0':
    resolution: {integrity: sha512-QMW+06WOXs7+F301Y3X0VpmWhwuQVc/X/RP2zF9OIwvSMmsif3xURS2wxbakFIABYsytgBcHpUcFepVS0Qnd3A==}

  '@rolldown/binding-darwin-arm64@1.0.0-beta.20':
    resolution: {integrity: sha512-8Hjf1onqHu7S9BlL2hq/mSGdlJjFrkmK3qlbH8+4Kabxuf87YI0U4nkC6BSvobtYVJZwnW+twzSSa0mDanJhhQ==}
    cpu: [arm64]
    os: [darwin]

  '@rolldown/binding-darwin-x64@1.0.0-beta.20':
    resolution: {integrity: sha512-uz0giD5au8/H3w3x8nMZ5iSUpHF4IsyYWqzd5HE7/hKfcnMXjvCCBT75cDvjqLvB9DsD24nDpcDk+KD9fxtm+w==}
    cpu: [x64]
    os: [darwin]

  '@rolldown/binding-freebsd-x64@1.0.0-beta.20':
    resolution: {integrity: sha512-345SZtPJjG9Sp/Mj24OpB4R9IPPeWWOnVwphleG8rtBEXh1Yu7OqoFKtk21bqFAVSspQtq1hvgZ0n0ajNz3fvA==}
    cpu: [x64]
    os: [freebsd]

  '@rolldown/binding-linux-arm-gnueabihf@1.0.0-beta.20':
    resolution: {integrity: sha512-5CeXovvcI1l+F2rjixSEZ8Y92wlTlwefVnzil7rHPGR7IBAL/7ZiuG5gumUo7kBuHAuQjAbDR8xoMz7ztrTp/Q==}
    cpu: [arm]
    os: [linux]

  '@rolldown/binding-linux-arm64-gnu@1.0.0-beta.20':
    resolution: {integrity: sha512-BYKjL8HvBGvkcIkzIh1tPYLirP5k9XrYCPexDlfZzQfJX0WrE9KZlSb2eUyLUKMmpG/gvc+4OEe9+hMoN5oE/g==}
    cpu: [arm64]
    os: [linux]

  '@rolldown/binding-linux-arm64-musl@1.0.0-beta.20':
    resolution: {integrity: sha512-0r9cw7ivmzLlRYWxnranVAKqWpEjvTs978p8tt7ehIHfZmjNS7Qz+FiT5P6HHvzDYxy+oHW1v8idBwxgjTj0Wg==}
    cpu: [arm64]
    os: [linux]

  '@rolldown/binding-linux-x64-gnu@1.0.0-beta.20':
    resolution: {integrity: sha512-dfBacWYCvqxWrDmbqAyFvMCdL87QRxe3Jr4rE6P/lEIXGHldZiEfU76lEJRecaMymyupW22l2NanlT8kSnQ54g==}
    cpu: [x64]
    os: [linux]

  '@rolldown/binding-linux-x64-musl@1.0.0-beta.20':
    resolution: {integrity: sha512-2ZK9rnMP85UV8QuVTW0TwoANBYpsMQMDKPBrRYcChbP2/BQEn8l5YG+5HgETn92x43APBC8s5jOd8jWDIwfcwg==}
    cpu: [x64]
    os: [linux]

  '@rolldown/binding-wasm32-wasi@1.0.0-beta.20':
    resolution: {integrity: sha512-+PIRYdHSalz3OIhaeWPjjNuEylFoZDmXx/gjc2wKltOC7aGARS6t4zxG7D/Aw7cztA42NbD4fH/bUMqE6c02KQ==}
    engines: {node: '>=14.21.3'}
    cpu: [wasm32]

  '@rolldown/binding-win32-arm64-msvc@1.0.0-beta.20':
    resolution: {integrity: sha512-7yenj/WaWmtl8nF9FRgiiVe46ScSJoqFHj/SHclNmU1uzJ1i5tYbFIX0EsZfT5LzJAqBiUWSqmQvp9gnNSaQyQ==}
    cpu: [arm64]
    os: [win32]

  '@rolldown/binding-win32-ia32-msvc@1.0.0-beta.20':
    resolution: {integrity: sha512-Lih62tQG0a5Ww/93t7iJj3brARRt4imqtx+gzYRshGDP5gr5rZ+opoo+krp/tGcY47c7DWFS3hFRXEhSIhw7Vw==}
    cpu: [ia32]
    os: [win32]

  '@rolldown/binding-win32-x64-msvc@1.0.0-beta.20':
    resolution: {integrity: sha512-Slcykx2PMcD4hiK0nQ4TVVtXsL3fQ+4pj4JNM1UBeHT7t/74QsfdIXU4hGPgqujE99XA1U/w6I40nCop2ngC5g==}
    cpu: [x64]
    os: [win32]

  '@rolldown/pluginutils@1.0.0-beta.20':
    resolution: {integrity: sha512-PCLTsxf5Gvek1g7KqO+DYnhpqpSzHeSNGso+mmMnv9jm0dFBky1SZCzz0ZTGHstWwpTsmTlIRdlcB949f6PGGQ==}

  '@tybys/wasm-util@0.9.0':
    resolution: {integrity: sha512-6+7nlbMVX/PVDCwaIQ8nTOPveOcFLSt8GcXdx8hD0bt39uWxYT88uXzqTd4fTvqta7oeUJqudepapKNt2DYJFw==}

  ansis@4.1.0:
    resolution: {integrity: sha512-BGcItUBWSMRgOCe+SVZJ+S7yTRG0eGt9cXAHev72yuGcY23hnLA7Bky5L/xLyPINoSN95geovfBkqoTlNZYa7w==}
    engines: {node: '>=14'}

  bundle-name@4.1.0:
    resolution: {integrity: sha512-tjwM5exMg6BGRI+kNmTntNsvdZS1X8BFYS6tnJ2hdH0kVxM6/eVZ2xy+FqStSWvYmtfFMDLIxurorHwDKfDz5Q==}
    engines: {node: '>=18'}

  commander@14.0.0:
    resolution: {integrity: sha512-2uM9rYjPvyq39NwLRqaiLtWHyDC1FvryJDa2ATTVims5YAS4PupsEQsDvP14FqhFr0P49CYDugi59xaxJlTXRA==}
    engines: {node: '>=20'}

  debug@4.4.1:
    resolution: {integrity: sha512-KcKCqiftBJcZr++7ykoDIEwSa3XWowTfNPo92BYxjXiyYEVrUQh2aLyhxBCwww+heortUFxEJYcRzosstTEBYQ==}
    engines: {node: '>=6.0'}
    peerDependencies:
      supports-color: '*'
    peerDependenciesMeta:
      supports-color:
        optional: true

  default-browser-id@5.0.0:
    resolution: {integrity: sha512-A6p/pu/6fyBcA1TRz/GqWYPViplrftcW2gZC9q79ngNCKAeR/X3gcEdXQHl4KNXV+3wgIJ1CPkJQ3IHM6lcsyA==}
    engines: {node: '>=18'}

  default-browser@5.2.1:
    resolution: {integrity: sha512-WY/3TUME0x3KPYdRRxEJJvXRHV4PyPoUsxtZa78lwItwRQRHhd2U9xOscaT/YTf8uCXIAjeJOFBVEh/7FtD8Xg==}
    engines: {node: '>=18'}

  define-lazy-prop@3.0.0:
    resolution: {integrity: sha512-N+MeXYoqr3pOgn8xfyRPREN7gHakLYjhsHhWGT3fWAiL4IkAt0iDw14QiiEm2bE30c5XX5q0FtAA3CK5f9/BUg==}
    engines: {node: '>=12'}

  is-docker@3.0.0:
    resolution: {integrity: sha512-eljcgEDlEns/7AXFosB5K/2nCM4P7FQPkGc/DWLy5rmFEWvZayGrik1d9/QIY5nJ4f9YsVvBkA6kJpHn9rISdQ==}
    engines: {node: ^12.20.0 || ^14.13.1 || >=16.0.0}
    hasBin: true

  is-inside-container@1.0.0:
    resolution: {integrity: sha512-KIYLCCJghfHZxqjYBE7rEy0OBuTd5xCHS7tHVgvCLkx7StIoaxwNW3hCALgEUjFfeRk+MG/Qxmp/vtETEF3tRA==}
    engines: {node: '>=14.16'}
    hasBin: true

  is-wsl@3.1.0:
    resolution: {integrity: sha512-UcVfVfaK4Sc4m7X3dUSoHoozQGBEFeDC+zVo06t98xe8CzHSZZBekNXH+tu0NalHolcJ/QAGqS46Hef7QXBIMw==}
    engines: {node: '>=16'}

  ms@2.1.3:
    resolution: {integrity: sha512-6FlzubTLZG3J2a/NVCAleEhjzq5oxgHyaCU9yYXvcLsvoVaHJq/s5xXI6/XXP6tz7R9xAOtHnSO/tXtF3WRTlA==}

  open@10.1.2:
    resolution: {integrity: sha512-cxN6aIDPz6rm8hbebcP7vrQNhvRcveZoJU72Y7vskh4oIm+BZwBECnx5nTmrlres1Qapvx27Qo1Auukpf8PKXw==}
    engines: {node: '>=18'}

  rolldown@1.0.0-beta.20:
    resolution: {integrity: sha512-pv3VNa/ev6VtdbW7chGb4COEX2v9f/a9s7wE/ON2z/fIi7xH+VjwIrr6ftcGE9Kh6PJsUtuwe7LY+ln/D4AgIQ==}
    hasBin: true

  run-applescript@7.0.0:
    resolution: {integrity: sha512-9by4Ij99JUr/MCFBUkDKLWK3G9HVXmabKz9U5MlIAIuvuzkiOicRYs8XJLxX+xahD+mLiiCYDqF9dKAgtzKP1A==}
    engines: {node: '>=18'}

  simple-git@3.28.0:
    resolution: {integrity: sha512-Rs/vQRwsn1ILH1oBUy8NucJlXmnnLeLCfcvbSehkPzbv3wwoFWIdtfd6Ndo6ZPhlPsCZ60CPI4rxurnwAa+a2w==}

  tslib@2.8.1:
    resolution: {integrity: sha512-oJFu94HQb+KVduSUQL7wnpmqnfmLsOA/nAh6b6EH0wCEoK0/mPeXU6c3wKDV83MkOuHPRHtSXKKU99IBazS/2w==}

snapshots:

  '@emnapi/core@1.4.3':
    dependencies:
      '@emnapi/wasi-threads': 1.0.2
      tslib: 2.8.1
    optional: true

  '@emnapi/runtime@1.4.3':
    dependencies:
      tslib: 2.8.1
    optional: true

  '@emnapi/wasi-threads@1.0.2':
    dependencies:
      tslib: 2.8.1
    optional: true

  '@kwsites/file-exists@1.1.1':
    dependencies:
      debug: 4.4.1
    transitivePeerDependencies:
      - supports-color

  '@kwsites/promise-deferred@1.1.1': {}

  '@napi-rs/wasm-runtime@0.2.11':
    dependencies:
      '@emnapi/core': 1.4.3
      '@emnapi/runtime': 1.4.3
      '@tybys/wasm-util': 0.9.0
    optional: true

  '@oxc-project/runtime@0.75.0': {}

  '@oxc-project/types@0.75.0': {}

  '@rolldown/binding-darwin-arm64@1.0.0-beta.20':
    optional: true

  '@rolldown/binding-darwin-x64@1.0.0-beta.20':
    optional: true

  '@rolldown/binding-freebsd-x64@1.0.0-beta.20':
    optional: true

  '@rolldown/binding-linux-arm-gnueabihf@1.0.0-beta.20':
    optional: true

  '@rolldown/binding-linux-arm64-gnu@1.0.0-beta.20':
    optional: true

  '@rolldown/binding-linux-arm64-musl@1.0.0-beta.20':
    optional: true

  '@rolldown/binding-linux-x64-gnu@1.0.0-beta.20':
    optional: true

  '@rolldown/binding-linux-x64-musl@1.0.0-beta.20':
    optional: true

  '@rolldown/binding-wasm32-wasi@1.0.0-beta.20':
    dependencies:
      '@napi-rs/wasm-runtime': 0.2.11
    optional: true

  '@rolldown/binding-win32-arm64-msvc@1.0.0-beta.20':
    optional: true

  '@rolldown/binding-win32-ia32-msvc@1.0.0-beta.20':
    optional: true

  '@rolldown/binding-win32-x64-msvc@1.0.0-beta.20':
    optional: true

  '@rolldown/pluginutils@1.0.0-beta.20': {}

  '@tybys/wasm-util@0.9.0':
    dependencies:
      tslib: 2.8.1
    optional: true

  ansis@4.1.0: {}

  bundle-name@4.1.0:
    dependencies:
      run-applescript: 7.0.0

  commander@14.0.0: {}

  debug@4.4.1:
    dependencies:
      ms: 2.1.3

  default-browser-id@5.0.0: {}

  default-browser@5.2.1:
    dependencies:
      bundle-name: 4.1.0
      default-browser-id: 5.0.0

  define-lazy-prop@3.0.0: {}

  is-docker@3.0.0: {}

  is-inside-container@1.0.0:
    dependencies:
      is-docker: 3.0.0

  is-wsl@3.1.0:
    dependencies:
      is-inside-container: 1.0.0

  ms@2.1.3: {}

  open@10.1.2:
    dependencies:
      default-browser: 5.2.1
      define-lazy-prop: 3.0.0
      is-inside-container: 1.0.0
      is-wsl: 3.1.0

  rolldown@1.0.0-beta.20:
    dependencies:
      '@oxc-project/runtime': 0.75.0
      '@oxc-project/types': 0.75.0
      '@rolldown/pluginutils': 1.0.0-beta.20
      ansis: 4.1.0
    optionalDependencies:
      '@rolldown/binding-darwin-arm64': 1.0.0-beta.20
      '@rolldown/binding-darwin-x64': 1.0.0-beta.20
      '@rolldown/binding-freebsd-x64': 1.0.0-beta.20
      '@rolldown/binding-linux-arm-gnueabihf': 1.0.0-beta.20
      '@rolldown/binding-linux-arm64-gnu': 1.0.0-beta.20
      '@rolldown/binding-linux-arm64-musl': 1.0.0-beta.20
      '@rolldown/binding-linux-x64-gnu': 1.0.0-beta.20
      '@rolldown/binding-linux-x64-musl': 1.0.0-beta.20
      '@rolldown/binding-wasm32-wasi': 1.0.0-beta.20
      '@rolldown/binding-win32-arm64-msvc': 1.0.0-beta.20
      '@rolldown/binding-win32-ia32-msvc': 1.0.0-beta.20
      '@rolldown/binding-win32-x64-msvc': 1.0.0-beta.20

  run-applescript@7.0.0: {}

  simple-git@3.28.0:
    dependencies:
      '@kwsites/file-exists': 1.1.1
      '@kwsites/promise-deferred': 1.1.1
      debug: 4.4.1
    transitivePeerDependencies:
      - supports-color

  tslib@2.8.1:
    optional: true
